
Microsoft Visual Studio Solution File, Format Version 12.00
# Visual Studio Version 17
VisualStudioVersion = 17.4.33213.308
MinimumVisualStudioVersion = 10.0.40219.1
Project("{FAE04EC0-301F-11D3-BF4B-00C04F79EFBC}") = "modul2_1302210004", "modul2_1302210004\modul2_1302210004.csproj", "{366A2FD4-3A35-475D-AD27-1F84D894AF1B}"
EndProject
Global
	GlobalSection(SolutionConfigurationPlatforms) = preSolution
		Debug|Any CPU = Debug|Any CPU
		Release|Any CPU = Release|Any CPU
	EndGlobalSection
	GlobalSection(ProjectConfigurationPlatforms) = postSolution
		{366A2FD4-3A35-475D-AD27-1F84D894AF1B}.Debug|Any CPU.ActiveCfg = Debug|Any CPU
		{366A2FD4-3A35-475D-AD27-1F84D894AF1B}.Debug|Any CPU.Build.0 = Debug|Any CPU
		{366A2FD4-3A35-475D-AD27-1F84D894AF1B}.Release|Any CPU.ActiveCfg = Release|Any CPU
		{366A2FD4-3A35-475D-AD27-1F84D894AF1B}.Release|Any CPU.Build.0 = Release|Any CPU
	EndGlobalSection
	GlobalSection(SolutionProperties) = preSolution
		HideSolutionNode = FALSE
	EndGlobalSection
	GlobalSection(ExtensibilityGlobals) = postSolution
		SolutionGuid = {74E930C2-86B4-4362-BC3D-B6F4678E868D}
	EndGlobalSection
EndGlobal
